
Microsoft Visual Studio Solution File, Format Version 12.00
# Visual Studio Version 17
VisualStudioVersion = 17.3.32825.248
MinimumVisualStudioVersion = 10.0.40219.1
Project("{FAE04EC0-301F-11D3-BF4B-00C04F79EFBC}") = "ConsoleApp2", "ConsoleApp2\ConsoleApp2.csproj", "{CC68DF50-6E94-4671-B425-0822A9D7C538}"
EndProject
Global
	GlobalSection(SolutionConfigurationPlatforms) = preSolution
		Debug|Any CPU = Debug|Any CPU
		Release|Any CPU = Release|Any CPU
	EndGlobalSection
	GlobalSection(ProjectConfigurationPlatforms) = postSolution
		{CC68DF50-6E94-4671-B425-0822A9D7C538}.Debug|Any CPU.ActiveCfg = Debug|Any CPU
		{CC68DF50-6E94-4671-B425-0822A9D7C538}.Debug|Any CPU.Build.0 = Debug|Any CPU
		{CC68DF50-6E94-4671-B425-0822A9D7C538}.Release|Any CPU.ActiveCfg = Release|Any CPU
		{CC68DF50-6E94-4671-B425-0822A9D7C538}.Release|Any CPU.Build.0 = Release|Any CPU
	EndGlobalSection
	GlobalSection(SolutionProperties) = preSolution
		HideSolutionNode = FALSE
	EndGlobalSection
	GlobalSection(ExtensibilityGlobals) = postSolution
		SolutionGuid = {236AAB5B-51F4-4E2A-BF75-9652177AD87E}
	EndGlobalSection
EndGlobal
